
Microsoft Visual Studio Solution File, Format Version 12.00
# Visual Studio Version 16
VisualStudioVersion = 16.0.30804.86
MinimumVisualStudioVersion = 10.0.40219.1
Project("{FAE04EC0-301F-11D3-BF4B-00C04F79EFBC}") = "TaskTwo", "TaskTwo\TaskTwo.csproj", "{C58D7242-0E0E-4549-8E96-5379546B6256}"
EndProject
Global
	GlobalSection(SolutionConfigurationPlatforms) = preSolution
		Debug|Any CPU = Debug|Any CPU
		Release|Any CPU = Release|Any CPU
	EndGlobalSection
	GlobalSection(ProjectConfigurationPlatforms) = postSolution
		{C58D7242-0E0E-4549-8E96-5379546B6256}.Debug|Any CPU.ActiveCfg = Debug|Any CPU
		{C58D7242-0E0E-4549-8E96-5379546B6256}.Debug|Any CPU.Build.0 = Debug|Any CPU
		{C58D7242-0E0E-4549-8E96-5379546B6256}.Release|Any CPU.ActiveCfg = Release|Any CPU
		{C58D7242-0E0E-4549-8E96-5379546B6256}.Release|Any CPU.Build.0 = Release|Any CPU
	EndGlobalSection
	GlobalSection(SolutionProperties) = preSolution
		HideSolutionNode = FALSE
	EndGlobalSection
	GlobalSection(ExtensibilityGlobals) = postSolution
		SolutionGuid = {90F5A424-6C93-408C-9F4C-3B0865050943}
	EndGlobalSection
EndGlobal
